
Microsoft Visual Studio Solution File, Format Version 12.00
# Visual Studio Version 17
VisualStudioVersion = 17.0.31903.59
MinimumVisualStudioVersion = 10.0.40219.1
Project("{FAE04EC0-301F-11D3-BF4B-00C04F79EFBC}") = "Cena.Actors", "Cena.Actors\Cena.Actors.csproj", "{9C667362-DFEB-4D61-91C0-FA4A73C700EE}"
EndProject
Project("{FAE04EC0-301F-11D3-BF4B-00C04F79EFBC}") = "Cena.Actors.Host", "Cena.Actors.Host\Cena.Actors.Host.csproj", "{C833CF26-FB4F-4DD8-A24A-21544EFD2293}"
EndProject
Project("{FAE04EC0-301F-11D3-BF4B-00C04F79EFBC}") = "Cena.Actors.Tests", "Cena.Actors.Tests\Cena.Actors.Tests.csproj", "{109D6622-0CD0-47BB-A4B7-67C6859CBBA7}"
EndProject
Project("{FAE04EC0-301F-11D3-BF4B-00C04F79EFBC}") = "Cena.Infrastructure", "..\shared\Cena.Infrastructure\Cena.Infrastructure.csproj", "{A1B2C3D4-E5F6-7890-ABCD-EF1234567890}"
EndProject
Project("{FAE04EC0-301F-11D3-BF4B-00C04F79EFBC}") = "Cena.Admin.Api", "..\api\Cena.Admin.Api\Cena.Admin.Api.csproj", "{B2C3D4E5-F6A7-8901-BCDE-F12345678901}"
EndProject
Project("{FAE04EC0-301F-11D3-BF4B-00C04F79EFBC}") = "Cena.Student.Api.Host", "..\api\Cena.Student.Api.Host\Cena.Student.Api.Host.csproj", "{A704D7B2-9884-4F3A-A9BA-D1AE5C0804A6}"
EndProject
Project("{FAE04EC0-301F-11D3-BF4B-00C04F79EFBC}") = "Cena.Admin.Api.Host", "..\api\Cena.Admin.Api.Host\Cena.Admin.Api.Host.csproj", "{4EBF5CE2-B63D-40D3-88A7-A0718A7B8384}"
EndProject
Project("{FAE04EC0-301F-11D3-BF4B-00C04F79EFBC}") = "Cena.Db.Migrator", "..\api\Cena.Db.Migrator\Cena.Db.Migrator.csproj", "{C8881F90-1CEA-4AC2-8BDD-8DF2F3A1C5BE}"
EndProject
Global
	GlobalSection(SolutionConfigurationPlatforms) = preSolution
		Debug|Any CPU = Debug|Any CPU
		Debug|x64 = Debug|x64
		Debug|x86 = Debug|x86
		Release|Any CPU = Release|Any CPU
		Release|x64 = Release|x64
		Release|x86 = Release|x86
	EndGlobalSection
	GlobalSection(ProjectConfigurationPlatforms) = postSolution
		{9C667362-DFEB-4D61-91C0-FA4A73C700EE}.Debug|Any CPU.ActiveCfg = Debug|Any CPU
		{9C667362-DFEB-4D61-91C0-FA4A73C700EE}.Debug|Any CPU.Build.0 = Debug|Any CPU
		{9C667362-DFEB-4D61-91C0-FA4A73C700EE}.Debug|x64.ActiveCfg = Debug|Any CPU
		{9C667362-DFEB-4D61-91C0-FA4A73C700EE}.Debug|x64.Build.0 = Debug|Any CPU
		{9C667362-DFEB-4D61-91C0-FA4A73C700EE}.Debug|x86.ActiveCfg = Debug|Any CPU
		{9C667362-DFEB-4D61-91C0-FA4A73C700EE}.Debug|x86.Build.0 = Debug|Any CPU
		{9C667362-DFEB-4D61-91C0-FA4A73C700EE}.Release|Any CPU.ActiveCfg = Release|Any CPU
		{9C667362-DFEB-4D61-91C0-FA4A73C700EE}.Release|Any CPU.Build.0 = Release|Any CPU
		{9C667362-DFEB-4D61-91C0-FA4A73C700EE}.Release|x64.ActiveCfg = Release|Any CPU
		{9C667362-DFEB-4D61-91C0-FA4A73C700EE}.Release|x64.Build.0 = Release|Any CPU
		{9C667362-DFEB-4D61-91C0-FA4A73C700EE}.Release|x86.ActiveCfg = Release|Any CPU
		{9C667362-DFEB-4D61-91C0-FA4A73C700EE}.Release|x86.Build.0 = Release|Any CPU
		{C833CF26-FB4F-4DD8-A24A-21544EFD2293}.Debug|Any CPU.ActiveCfg = Debug|Any CPU
		{C833CF26-FB4F-4DD8-A24A-21544EFD2293}.Debug|Any CPU.Build.0 = Debug|Any CPU
		{C833CF26-FB4F-4DD8-A24A-21544EFD2293}.Debug|x64.ActiveCfg = Debug|Any CPU
		{C833CF26-FB4F-4DD8-A24A-21544EFD2293}.Debug|x64.Build.0 = Debug|Any CPU
		{C833CF26-FB4F-4DD8-A24A-21544EFD2293}.Debug|x86.ActiveCfg = Debug|Any CPU
		{C833CF26-FB4F-4DD8-A24A-21544EFD2293}.Debug|x86.Build.0 = Debug|Any CPU
		{C833CF26-FB4F-4DD8-A24A-21544EFD2293}.Release|Any CPU.ActiveCfg = Release|Any CPU
		{C833CF26-FB4F-4DD8-A24A-21544EFD2293}.Release|Any CPU.Build.0 = Release|Any CPU
		{C833CF26-FB4F-4DD8-A24A-21544EFD2293}.Release|x64.ActiveCfg = Release|Any CPU
		{C833CF26-FB4F-4DD8-A24A-21544EFD2293}.Release|x64.Build.0 = Release|Any CPU
		{C833CF26-FB4F-4DD8-A24A-21544EFD2293}.Release|x86.ActiveCfg = Release|Any CPU
		{C833CF26-FB4F-4DD8-A24A-21544EFD2293}.Release|x86.Build.0 = Release|Any CPU
		{109D6622-0CD0-47BB-A4B7-67C6859CBBA7}.Debug|Any CPU.ActiveCfg = Debug|Any CPU
		{109D6622-0CD0-47BB-A4B7-67C6859CBBA7}.Debug|Any CPU.Build.0 = Debug|Any CPU
		{109D6622-0CD0-47BB-A4B7-67C6859CBBA7}.Debug|x64.ActiveCfg = Debug|Any CPU
		{109D6622-0CD0-47BB-A4B7-67C6859CBBA7}.Debug|x64.Build.0 = Debug|Any CPU
		{109D6622-0CD0-47BB-A4B7-67C6859CBBA7}.Debug|x86.ActiveCfg = Debug|Any CPU
		{109D6622-0CD0-47BB-A4B7-67C6859CBBA7}.Debug|x86.Build.0 = Debug|Any CPU
		{109D6622-0CD0-47BB-A4B7-67C6859CBBA7}.Release|Any CPU.ActiveCfg = Release|Any CPU
		{109D6622-0CD0-47BB-A4B7-67C6859CBBA7}.Release|Any CPU.Build.0 = Release|Any CPU
		{109D6622-0CD0-47BB-A4B7-67C6859CBBA7}.Release|x64.ActiveCfg = Release|Any CPU
		{109D6622-0CD0-47BB-A4B7-67C6859CBBA7}.Release|x64.Build.0 = Release|Any CPU
		{109D6622-0CD0-47BB-A4B7-67C6859CBBA7}.Release|x86.ActiveCfg = Release|Any CPU
		{109D6622-0CD0-47BB-A4B7-67C6859CBBA7}.Release|x86.Build.0 = Release|Any CPU
		{A1B2C3D4-E5F6-7890-ABCD-EF1234567890}.Debug|Any CPU.ActiveCfg = Debug|Any CPU
		{A1B2C3D4-E5F6-7890-ABCD-EF1234567890}.Debug|Any CPU.Build.0 = Debug|Any CPU
		{A1B2C3D4-E5F6-7890-ABCD-EF1234567890}.Debug|x64.ActiveCfg = Debug|Any CPU
		{A1B2C3D4-E5F6-7890-ABCD-EF1234567890}.Debug|x64.Build.0 = Debug|Any CPU
		{A1B2C3D4-E5F6-7890-ABCD-EF1234567890}.Debug|x86.ActiveCfg = Debug|Any CPU
		{A1B2C3D4-E5F6-7890-ABCD-EF1234567890}.Debug|x86.Build.0 = Debug|Any CPU
		{A1B2C3D4-E5F6-7890-ABCD-EF1234567890}.Release|Any CPU.ActiveCfg = Release|Any CPU
		{A1B2C3D4-E5F6-7890-ABCD-EF1234567890}.Release|Any CPU.Build.0 = Release|Any CPU
		{A1B2C3D4-E5F6-7890-ABCD-EF1234567890}.Release|x64.ActiveCfg = Release|Any CPU
		{A1B2C3D4-E5F6-7890-ABCD-EF1234567890}.Release|x64.Build.0 = Release|Any CPU
		{A1B2C3D4-E5F6-7890-ABCD-EF1234567890}.Release|x86.ActiveCfg = Release|Any CPU
		{A1B2C3D4-E5F6-7890-ABCD-EF1234567890}.Release|x86.Build.0 = Release|Any CPU
		{B2C3D4E5-F6A7-8901-BCDE-F12345678901}.Debug|Any CPU.ActiveCfg = Debug|Any CPU
		{B2C3D4E5-F6A7-8901-BCDE-F12345678901}.Debug|Any CPU.Build.0 = Debug|Any CPU
		{B2C3D4E5-F6A7-8901-BCDE-F12345678901}.Debug|x64.ActiveCfg = Debug|Any CPU
		{B2C3D4E5-F6A7-8901-BCDE-F12345678901}.Debug|x64.Build.0 = Debug|Any CPU
		{B2C3D4E5-F6A7-8901-BCDE-F12345678901}.Debug|x86.ActiveCfg = Debug|Any CPU
		{B2C3D4E5-F6A7-8901-BCDE-F12345678901}.Debug|x86.Build.0 = Debug|Any CPU
		{B2C3D4E5-F6A7-8901-BCDE-F12345678901}.Release|Any CPU.ActiveCfg = Release|Any CPU
		{B2C3D4E5-F6A7-8901-BCDE-F12345678901}.Release|Any CPU.Build.0 = Release|Any CPU
		{B2C3D4E5-F6A7-8901-BCDE-F12345678901}.Release|x64.ActiveCfg = Release|Any CPU
		{B2C3D4E5-F6A7-8901-BCDE-F12345678901}.Release|x64.Build.0 = Release|Any CPU
		{B2C3D4E5-F6A7-8901-BCDE-F12345678901}.Release|x86.ActiveCfg = Release|Any CPU
		{B2C3D4E5-F6A7-8901-BCDE-F12345678901}.Release|x86.Build.0 = Release|Any CPU
		{A704D7B2-9884-4F3A-A9BA-D1AE5C0804A6}.Debug|Any CPU.ActiveCfg = Debug|Any CPU
		{A704D7B2-9884-4F3A-A9BA-D1AE5C0804A6}.Debug|Any CPU.Build.0 = Debug|Any CPU
		{A704D7B2-9884-4F3A-A9BA-D1AE5C0804A6}.Debug|x64.ActiveCfg = Debug|Any CPU
		{A704D7B2-9884-4F3A-A9BA-D1AE5C0804A6}.Debug|x64.Build.0 = Debug|Any CPU
		{A704D7B2-9884-4F3A-A9BA-D1AE5C0804A6}.Debug|x86.ActiveCfg = Debug|Any CPU
		{A704D7B2-9884-4F3A-A9BA-D1AE5C0804A6}.Debug|x86.Build.0 = Debug|Any CPU
		{A704D7B2-9884-4F3A-A9BA-D1AE5C0804A6}.Release|Any CPU.ActiveCfg = Release|Any CPU
		{A704D7B2-9884-4F3A-A9BA-D1AE5C0804A6}.Release|Any CPU.Build.0 = Release|Any CPU
		{A704D7B2-9884-4F3A-A9BA-D1AE5C0804A6}.Release|x64.ActiveCfg = Release|Any CPU
		{A704D7B2-9884-4F3A-A9BA-D1AE5C0804A6}.Release|x64.Build.0 = Release|Any CPU
		{A704D7B2-9884-4F3A-A9BA-D1AE5C0804A6}.Release|x86.ActiveCfg = Release|Any CPU
		{A704D7B2-9884-4F3A-A9BA-D1AE5C0804A6}.Release|x86.Build.0 = Release|Any CPU
		{4EBF5CE2-B63D-40D3-88A7-A0718A7B8384}.Debug|Any CPU.ActiveCfg = Debug|Any CPU
		{4EBF5CE2-B63D-40D3-88A7-A0718A7B8384}.Debug|Any CPU.Build.0 = Debug|Any CPU
		{4EBF5CE2-B63D-40D3-88A7-A0718A7B8384}.Debug|x64.ActiveCfg = Debug|Any CPU
		{4EBF5CE2-B63D-40D3-88A7-A0718A7B8384}.Debug|x64.Build.0 = Debug|Any CPU
		{4EBF5CE2-B63D-40D3-88A7-A0718A7B8384}.Debug|x86.ActiveCfg = Debug|Any CPU
		{4EBF5CE2-B63D-40D3-88A7-A0718A7B8384}.Debug|x86.Build.0 = Debug|Any CPU
		{4EBF5CE2-B63D-40D3-88A7-A0718A7B8384}.Release|Any CPU.ActiveCfg = Release|Any CPU
		{4EBF5CE2-B63D-40D3-88A7-A0718A7B8384}.Release|Any CPU.Build.0 = Release|Any CPU
		{4EBF5CE2-B63D-40D3-88A7-A0718A7B8384}.Release|x64.ActiveCfg = Release|Any CPU
		{4EBF5CE2-B63D-40D3-88A7-A0718A7B8384}.Release|x64.Build.0 = Release|Any CPU
		{4EBF5CE2-B63D-40D3-88A7-A0718A7B8384}.Release|x86.ActiveCfg = Release|Any CPU
		{4EBF5CE2-B63D-40D3-88A7-A0718A7B8384}.Release|x86.Build.0 = Release|Any CPU
		{C8881F90-1CEA-4AC2-8BDD-8DF2F3A1C5BE}.Debug|Any CPU.ActiveCfg = Debug|Any CPU
		{C8881F90-1CEA-4AC2-8BDD-8DF2F3A1C5BE}.Debug|Any CPU.Build.0 = Debug|Any CPU
		{C8881F90-1CEA-4AC2-8BDD-8DF2F3A1C5BE}.Debug|x64.ActiveCfg = Debug|Any CPU
		{C8881F90-1CEA-4AC2-8BDD-8DF2F3A1C5BE}.Debug|x64.Build.0 = Debug|Any CPU
		{C8881F90-1CEA-4AC2-8BDD-8DF2F3A1C5BE}.Debug|x86.ActiveCfg = Debug|Any CPU
		{C8881F90-1CEA-4AC2-8BDD-8DF2F3A1C5BE}.Debug|x86.Build.0 = Debug|Any CPU
		{C8881F90-1CEA-4AC2-8BDD-8DF2F3A1C5BE}.Release|Any CPU.ActiveCfg = Release|Any CPU
		{C8881F90-1CEA-4AC2-8BDD-8DF2F3A1C5BE}.Release|Any CPU.Build.0 = Release|Any CPU
		{C8881F90-1CEA-4AC2-8BDD-8DF2F3A1C5BE}.Release|x64.ActiveCfg = Release|Any CPU
		{C8881F90-1CEA-4AC2-8BDD-8DF2F3A1C5BE}.Release|x64.Build.0 = Release|Any CPU
		{C8881F90-1CEA-4AC2-8BDD-8DF2F3A1C5BE}.Release|x86.ActiveCfg = Release|Any CPU
		{C8881F90-1CEA-4AC2-8BDD-8DF2F3A1C5BE}.Release|x86.Build.0 = Release|Any CPU
	EndGlobalSection
	GlobalSection(SolutionProperties) = preSolution
		HideSolutionNode = FALSE
	EndGlobalSection
EndGlobal
